version: 2.0
shards:
  axentro-util:
    git: https://github.com/axentro/axentro-util.git
    version: 0.1.0

  crest:
    git: https://github.com/mamantoha/crest.git
    version: 0.26.4

  ed25519-hd:
    git: https://github.com/axentro/ed25519-hd.git
    version: 0.1.2

  http-client-digest_auth:
    git: https://github.com/mamantoha/http-client-digest_auth.git
    version: 0.5.0

  http_proxy:
    git: https://github.com/mamantoha/http_proxy.git
    version: 0.7.3

  monocypher:
    git: https://github.com/axentro/monocypher.cr.git
    version: 3.1.1

  radix:
    git: https://github.com/luislavena/radix.git
    version: 0.3.9

  router:
    git: https://github.com/tbrand/router.cr.git
    version: 0.2.7

